
Microsoft Visual Studio Solution File, Format Version 12.00
# Visual Studio Version 17
VisualStudioVersion = 17.5.002.0
MinimumVisualStudioVersion = 10.0.40219.1
Project("{9A19103F-16F7-4668-BE54-9A1E7A4F7556}") = "Backend", "Backend.csproj", "{EF36E8B0-CAA6-44D3-B543-082AF2F8246D}"
EndProject
Global
	GlobalSection(SolutionConfigurationPlatforms) = preSolution
		Debug|Any CPU = Debug|Any CPU
		Release|Any CPU = Release|Any CPU
	EndGlobalSection
	GlobalSection(ProjectConfigurationPlatforms) = postSolution
		{EF36E8B0-CAA6-44D3-B543-082AF2F8246D}.Debug|Any CPU.ActiveCfg = Debug|Any CPU
		{EF36E8B0-CAA6-44D3-B543-082AF2F8246D}.Debug|Any CPU.Build.0 = Debug|Any CPU
		{EF36E8B0-CAA6-44D3-B543-082AF2F8246D}.Release|Any CPU.ActiveCfg = Release|Any CPU
		{EF36E8B0-CAA6-44D3-B543-082AF2F8246D}.Release|Any CPU.Build.0 = Release|Any CPU
	EndGlobalSection
	GlobalSection(SolutionProperties) = preSolution
		HideSolutionNode = FALSE
	EndGlobalSection
	GlobalSection(ExtensibilityGlobals) = postSolution
		SolutionGuid = {35F6478B-FC79-4BFD-A979-E42600C6AB1B}
	EndGlobalSection
EndGlobal
